// !$*UTF8*$!
{
	archiveVersion = 1;
	classes = {
	};
	objectVersion = 45;
	objects = {

/* Begin PBXFileReference section */
		3F6C02EF1273B10300D6AD12 /* draggabletext.pro */ = {isa = PBXFileReference; fileEncoding = 4; lastKnownFileType = text; name = draggabletext.pro; path = ../draggabletext.pro; sourceTree = SOURCE_ROOT; };
		3F6C02F51273B3F300D6AD12 /* textedit.cpp */ = {isa = PBXFileReference; fileEncoding = 4; lastKnownFileType = sourcecode.cpp.cpp; name = textedit.cpp; path = ../textedit.cpp; sourceTree = SOURCE_ROOT; };
		3F6C02F61273B3F300D6AD12 /* textedit.h */ = {isa = PBXFileReference; fileEncoding = 4; lastKnownFileType = sourcecode.c.h; name = textedit.h; path = ../textedit.h; sourceTree = SOURCE_ROOT; };
		3F6C036E1273D5BC00D6AD12 /* lineedit.cpp */ = {isa = PBXFileReference; fileEncoding = 4; lastKnownFileType = sourcecode.cpp.cpp; name = lineedit.cpp; path = ../lineedit.cpp; sourceTree = SOURCE_ROOT; };
		3F6C036F1273D5BC00D6AD12 /* lineedit.h */ = {isa = PBXFileReference; fileEncoding = 4; lastKnownFileType = sourcecode.c.h; name = lineedit.h; path = ../lineedit.h; sourceTree = SOURCE_ROOT; };
		3F6C039F1273DB1C00D6AD12 /* dateedit.cpp */ = {isa = PBXFileReference; fileEncoding = 4; lastKnownFileType = sourcecode.cpp.cpp; name = dateedit.cpp; path = ../dateedit.cpp; sourceTree = SOURCE_ROOT; };
		3F6C03A01273DB1C00D6AD12 /* dateedit.h */ = {isa = PBXFileReference; fileEncoding = 4; lastKnownFileType = sourcecode.c.h; name = dateedit.h; path = ../dateedit.h; sourceTree = SOURCE_ROOT; };
		3FC1BE421273A37800A9A986 /* templatewidget.cpp */ = {isa = PBXFileReference; fileEncoding = 4; lastKnownFileType = sourcecode.cpp.cpp; name = templatewidget.cpp; path = ../templatewidget.cpp; sourceTree = SOURCE_ROOT; };
		3FC1BE431273A37800A9A986 /* templatewidget.h */ = {isa = PBXFileReference; fileEncoding = 4; lastKnownFileType = sourcecode.c.h; name = templatewidget.h; path = ../templatewidget.h; sourceTree = SOURCE_ROOT; };
		3FC1BE441273A37800A9A986 /* dragwidget.cpp */ = {isa = PBXFileReference; fileEncoding = 4; lastKnownFileType = sourcecode.cpp.cpp; name = dragwidget.cpp; path = ../dragwidget.cpp; sourceTree = SOURCE_ROOT; };
		3FC1BE451273A37800A9A986 /* dragwidget.h */ = {isa = PBXFileReference; fileEncoding = 4; lastKnownFileType = sourcecode.c.h; name = dragwidget.h; path = ../dragwidget.h; sourceTree = SOURCE_ROOT; };
/* End PBXFileReference section */

/* Begin PBXGroup section */
		08FB7794FE84155DC02AAC07 /* Untitled */ = {
			isa = PBXGroup;
			children = (
				3F6C02F51273B3F300D6AD12 /* textedit.cpp */,
				3F6C039F1273DB1C00D6AD12 /* dateedit.cpp */,
				3F6C03A01273DB1C00D6AD12 /* dateedit.h */,
				3F6C02F61273B3F300D6AD12 /* textedit.h */,
				3FC1BE421273A37800A9A986 /* templatewidget.cpp */,
				3F6C036E1273D5BC00D6AD12 /* lineedit.cpp */,
				3F6C036F1273D5BC00D6AD12 /* lineedit.h */,
				3FC1BE431273A37800A9A986 /* templatewidget.h */,
				3FC1BE441273A37800A9A986 /* dragwidget.cpp */,
				3F6C02EF1273B10300D6AD12 /* draggabletext.pro */,
				3FC1BE451273A37800A9A986 /* dragwidget.h */,
			);
			name = Untitled;
			sourceTree = "<group>";
		};
/* End PBXGroup section */

/* Begin PBXLegacyTarget section */
		D28A88AD04BDD90700651E21 /* Untitled */ = {
			isa = PBXLegacyTarget;
			buildArgumentsString = "$(ACTION)";
			buildConfigurationList = 1DEB918F08733D9F0010E9CD /* Build configuration list for PBXLegacyTarget "Untitled" */;
			buildPhases = (
			);
			buildToolPath = /usr/bin/make;
			dependencies = (
			);
			name = Untitled;
			passBuildSettingsInEnvironment = 1;
			productName = Untitled;
		};
/* End PBXLegacyTarget section */

/* Begin PBXProject section */
		08FB7793FE84155DC02AAC07 /* Project object */ = {
			isa = PBXProject;
			buildConfigurationList = 1DEB919308733D9F0010E9CD /* Build configuration list for PBXProject "Untitled" */;
			compatibilityVersion = "Xcode 3.1";
			hasScannedForEncodings = 1;
			mainGroup = 08FB7794FE84155DC02AAC07 /* Untitled */;
			projectDirPath = "";
			projectRoot = "";
			targets = (
				D28A88AD04BDD90700651E21 /* Untitled */,
			);
		};
/* End PBXProject section */

/* Begin XCBuildConfiguration section */
		1DEB919008733D9F0010E9CD /* Debug */ = {
			isa = XCBuildConfiguration;
			buildSettings = {
				COPY_PHASE_STRIP = NO;
				DEBUGGING_SYMBOLS = YES;
				GCC_DYNAMIC_NO_PIC = NO;
				GCC_ENABLE_FIX_AND_CONTINUE = YES;
				GCC_GENERATE_DEBUGGING_SYMBOLS = YES;
				GCC_OPTIMIZATION_LEVEL = 0;
				OTHER_CFLAGS = "";
				OTHER_LDFLAGS = "";
				PRODUCT_NAME = Untitled;
			};
			name = Debug;
		};
		1DEB919108733D9F0010E9CD /* Release */ = {
			isa = XCBuildConfiguration;
			buildSettings = {
				COPY_PHASE_STRIP = YES;
				GCC_ENABLE_FIX_AND_CONTINUE = NO;
				OTHER_CFLAGS = "";
				OTHER_LDFLAGS = "";
				PRODUCT_NAME = Untitled;
			};
			name = Release;
		};
		1DEB919408733D9F0010E9CD /* Debug */ = {
			isa = XCBuildConfiguration;
			buildSettings = {
				ARCHS = "$(ARCHS_STANDARD_32_BIT)";
				GCC_WARN_ABOUT_RETURN_TYPE = YES;
				GCC_WARN_UNUSED_VARIABLE = YES;
				ONLY_ACTIVE_ARCH = YES;
				PREBINDING = NO;
				SDKROOT = macosx10.6;
			};
			name = Debug;
		};
		1DEB919508733D9F0010E9CD /* Release */ = {
			isa = XCBuildConfiguration;
			buildSettings = {
				ARCHS = "$(ARCHS_STANDARD_32_BIT)";
				GCC_WARN_ABOUT_RETURN_TYPE = YES;
				GCC_WARN_UNUSED_VARIABLE = YES;
				PREBINDING = NO;
				SDKROOT = macosx10.6;
			};
			name = Release;
		};
/* End XCBuildConfiguration section */

/* Begin XCConfigurationList section */
		1DEB918F08733D9F0010E9CD /* Build configuration list for PBXLegacyTarget "Untitled" */ = {
			isa = XCConfigurationList;
			buildConfigurations = (
				1DEB919008733D9F0010E9CD /* Debug */,
				1DEB919108733D9F0010E9CD /* Release */,
			);
			defaultConfigurationIsVisible = 0;
			defaultConfigurationName = Release;
		};
		1DEB919308733D9F0010E9CD /* Build configuration list for PBXProject "Untitled" */ = {
			isa = XCConfigurationList;
			buildConfigurations = (
				1DEB919408733D9F0010E9CD /* Debug */,
				1DEB919508733D9F0010E9CD /* Release */,
			);
			defaultConfigurationIsVisible = 0;
			defaultConfigurationName = Release;
		};
/* End XCConfigurationList section */
	};
	rootObject = 08FB7793FE84155DC02AAC07 /* Project object */;
}
